<Solution>
  <Folder Name="/src/">
    <Project Path="src/PayGuardAI.Core/PayGuardAI.Core.csproj" />
    <Project Path="src/PayGuardAI.Data/PayGuardAI.Data.csproj" />
    <Project Path="src/PayGuardAI.Web/PayGuardAI.Web.csproj" />
  </Folder>
  <Folder Name="/tests/">
    <Project Path="tests/PayGuardAI.Tests/PayGuardAI.Tests.csproj" />
  </Folder>
</Solution>
